
Microsoft Visual Studio Solution File, Format Version 12.00
# Visual Studio Version 17
VisualStudioVersion = 17.0.31903.59
MinimumVisualStudioVersion = 10.0.40219.1
Project("{2150E333-8FDC-42A3-9474-1A3956D46DE8}") = "src", "src", "{827E0CD3-B72D-47B6-A68D-7590B98EB39B}"
EndProject
Project("{FAE04EC0-301F-11D3-BF4B-00C04F79EFBC}") = "SrmCreditEngine.Domain", "src\SrmCreditEngine.Domain\SrmCreditEngine.Domain.csproj", "{DC269357-A31E-4F5D-AC1B-D063D7BEEEDC}"
EndProject
Project("{FAE04EC0-301F-11D3-BF4B-00C04F79EFBC}") = "SrmCreditEngine.Application", "src\SrmCreditEngine.Application\SrmCreditEngine.Application.csproj", "{721FB904-3890-4497-9880-942F7DB08512}"
EndProject
Project("{FAE04EC0-301F-11D3-BF4B-00C04F79EFBC}") = "SrmCreditEngine.Infrastructure", "src\SrmCreditEngine.Infrastructure\SrmCreditEngine.Infrastructure.csproj", "{203C0682-0582-407C-AA7C-6B49BC640490}"
EndProject
Project("{FAE04EC0-301F-11D3-BF4B-00C04F79EFBC}") = "SrmCreditEngine.API", "src\SrmCreditEngine.API\SrmCreditEngine.API.csproj", "{EA4053D0-245A-4C63-9B9C-A43EF2006070}"
EndProject
Project("{2150E333-8FDC-42A3-9474-1A3956D46DE8}") = "tests", "tests", "{0AB3BF05-4346-4AA6-1389-037BE0695223}"
EndProject
Project("{FAE04EC0-301F-11D3-BF4B-00C04F79EFBC}") = "SrmCreditEngine.UnitTests", "tests\SrmCreditEngine.UnitTests\SrmCreditEngine.UnitTests.csproj", "{6BC9CA0B-FDC3-4C38-80A7-2662F528868D}"
EndProject
Project("{FAE04EC0-301F-11D3-BF4B-00C04F79EFBC}") = "SrmCreditEngine.IntegrationTests", "tests\SrmCreditEngine.IntegrationTests\SrmCreditEngine.IntegrationTests.csproj", "{7C2D65F1-C1B7-413C-A918-7A2CE70D95D3}"
EndProject
Global
	GlobalSection(SolutionConfigurationPlatforms) = preSolution
		Debug|Any CPU = Debug|Any CPU
		Debug|x64 = Debug|x64
		Debug|x86 = Debug|x86
		Release|Any CPU = Release|Any CPU
		Release|x64 = Release|x64
		Release|x86 = Release|x86
	EndGlobalSection
	GlobalSection(ProjectConfigurationPlatforms) = postSolution
		{DC269357-A31E-4F5D-AC1B-D063D7BEEEDC}.Debug|Any CPU.ActiveCfg = Debug|Any CPU
		{DC269357-A31E-4F5D-AC1B-D063D7BEEEDC}.Debug|Any CPU.Build.0 = Debug|Any CPU
		{DC269357-A31E-4F5D-AC1B-D063D7BEEEDC}.Debug|x64.ActiveCfg = Debug|Any CPU
		{DC269357-A31E-4F5D-AC1B-D063D7BEEEDC}.Debug|x64.Build.0 = Debug|Any CPU
		{DC269357-A31E-4F5D-AC1B-D063D7BEEEDC}.Debug|x86.ActiveCfg = Debug|Any CPU
		{DC269357-A31E-4F5D-AC1B-D063D7BEEEDC}.Debug|x86.Build.0 = Debug|Any CPU
		{DC269357-A31E-4F5D-AC1B-D063D7BEEEDC}.Release|Any CPU.ActiveCfg = Release|Any CPU
		{DC269357-A31E-4F5D-AC1B-D063D7BEEEDC}.Release|Any CPU.Build.0 = Release|Any CPU
		{DC269357-A31E-4F5D-AC1B-D063D7BEEEDC}.Release|x64.ActiveCfg = Release|Any CPU
		{DC269357-A31E-4F5D-AC1B-D063D7BEEEDC}.Release|x64.Build.0 = Release|Any CPU
		{DC269357-A31E-4F5D-AC1B-D063D7BEEEDC}.Release|x86.ActiveCfg = Release|Any CPU
		{DC269357-A31E-4F5D-AC1B-D063D7BEEEDC}.Release|x86.Build.0 = Release|Any CPU
		{721FB904-3890-4497-9880-942F7DB08512}.Debug|Any CPU.ActiveCfg = Debug|Any CPU
		{721FB904-3890-4497-9880-942F7DB08512}.Debug|Any CPU.Build.0 = Debug|Any CPU
		{721FB904-3890-4497-9880-942F7DB08512}.Debug|x64.ActiveCfg = Debug|Any CPU
		{721FB904-3890-4497-9880-942F7DB08512}.Debug|x64.Build.0 = Debug|Any CPU
		{721FB904-3890-4497-9880-942F7DB08512}.Debug|x86.ActiveCfg = Debug|Any CPU
		{721FB904-3890-4497-9880-942F7DB08512}.Debug|x86.Build.0 = Debug|Any CPU
		{721FB904-3890-4497-9880-942F7DB08512}.Release|Any CPU.ActiveCfg = Release|Any CPU
		{721FB904-3890-4497-9880-942F7DB08512}.Release|Any CPU.Build.0 = Release|Any CPU
		{721FB904-3890-4497-9880-942F7DB08512}.Release|x64.ActiveCfg = Release|Any CPU
		{721FB904-3890-4497-9880-942F7DB08512}.Release|x64.Build.0 = Release|Any CPU
		{721FB904-3890-4497-9880-942F7DB08512}.Release|x86.ActiveCfg = Release|Any CPU
		{721FB904-3890-4497-9880-942F7DB08512}.Release|x86.Build.0 = Release|Any CPU
		{203C0682-0582-407C-AA7C-6B49BC640490}.Debug|Any CPU.ActiveCfg = Debug|Any CPU
		{203C0682-0582-407C-AA7C-6B49BC640490}.Debug|Any CPU.Build.0 = Debug|Any CPU
		{203C0682-0582-407C-AA7C-6B49BC640490}.Debug|x64.ActiveCfg = Debug|Any CPU
		{203C0682-0582-407C-AA7C-6B49BC640490}.Debug|x64.Build.0 = Debug|Any CPU
		{203C0682-0582-407C-AA7C-6B49BC640490}.Debug|x86.ActiveCfg = Debug|Any CPU
		{203C0682-0582-407C-AA7C-6B49BC640490}.Debug|x86.Build.0 = Debug|Any CPU
		{203C0682-0582-407C-AA7C-6B49BC640490}.Release|Any CPU.ActiveCfg = Release|Any CPU
		{203C0682-0582-407C-AA7C-6B49BC640490}.Release|Any CPU.Build.0 = Release|Any CPU
		{203C0682-0582-407C-AA7C-6B49BC640490}.Release|x64.ActiveCfg = Release|Any CPU
		{203C0682-0582-407C-AA7C-6B49BC640490}.Release|x64.Build.0 = Release|Any CPU
		{203C0682-0582-407C-AA7C-6B49BC640490}.Release|x86.ActiveCfg = Release|Any CPU
		{203C0682-0582-407C-AA7C-6B49BC640490}.Release|x86.Build.0 = Release|Any CPU
		{EA4053D0-245A-4C63-9B9C-A43EF2006070}.Debug|Any CPU.ActiveCfg = Debug|Any CPU
		{EA4053D0-245A-4C63-9B9C-A43EF2006070}.Debug|Any CPU.Build.0 = Debug|Any CPU
		{EA4053D0-245A-4C63-9B9C-A43EF2006070}.Debug|x64.ActiveCfg = Debug|Any CPU
		{EA4053D0-245A-4C63-9B9C-A43EF2006070}.Debug|x64.Build.0 = Debug|Any CPU
		{EA4053D0-245A-4C63-9B9C-A43EF2006070}.Debug|x86.ActiveCfg = Debug|Any CPU
		{EA4053D0-245A-4C63-9B9C-A43EF2006070}.Debug|x86.Build.0 = Debug|Any CPU
		{EA4053D0-245A-4C63-9B9C-A43EF2006070}.Release|Any CPU.ActiveCfg = Release|Any CPU
		{EA4053D0-245A-4C63-9B9C-A43EF2006070}.Release|Any CPU.Build.0 = Release|Any CPU
		{EA4053D0-245A-4C63-9B9C-A43EF2006070}.Release|x64.ActiveCfg = Release|Any CPU
		{EA4053D0-245A-4C63-9B9C-A43EF2006070}.Release|x64.Build.0 = Release|Any CPU
		{EA4053D0-245A-4C63-9B9C-A43EF2006070}.Release|x86.ActiveCfg = Release|Any CPU
		{EA4053D0-245A-4C63-9B9C-A43EF2006070}.Release|x86.Build.0 = Release|Any CPU
		{6BC9CA0B-FDC3-4C38-80A7-2662F528868D}.Debug|Any CPU.ActiveCfg = Debug|Any CPU
		{6BC9CA0B-FDC3-4C38-80A7-2662F528868D}.Debug|Any CPU.Build.0 = Debug|Any CPU
		{6BC9CA0B-FDC3-4C38-80A7-2662F528868D}.Debug|x64.ActiveCfg = Debug|Any CPU
		{6BC9CA0B-FDC3-4C38-80A7-2662F528868D}.Debug|x64.Build.0 = Debug|Any CPU
		{6BC9CA0B-FDC3-4C38-80A7-2662F528868D}.Debug|x86.ActiveCfg = Debug|Any CPU
		{6BC9CA0B-FDC3-4C38-80A7-2662F528868D}.Debug|x86.Build.0 = Debug|Any CPU
		{6BC9CA0B-FDC3-4C38-80A7-2662F528868D}.Release|Any CPU.ActiveCfg = Release|Any CPU
		{6BC9CA0B-FDC3-4C38-80A7-2662F528868D}.Release|Any CPU.Build.0 = Release|Any CPU
		{6BC9CA0B-FDC3-4C38-80A7-2662F528868D}.Release|x64.ActiveCfg = Release|Any CPU
		{6BC9CA0B-FDC3-4C38-80A7-2662F528868D}.Release|x64.Build.0 = Release|Any CPU
		{6BC9CA0B-FDC3-4C38-80A7-2662F528868D}.Release|x86.ActiveCfg = Release|Any CPU
		{6BC9CA0B-FDC3-4C38-80A7-2662F528868D}.Release|x86.Build.0 = Release|Any CPU
		{7C2D65F1-C1B7-413C-A918-7A2CE70D95D3}.Debug|Any CPU.ActiveCfg = Debug|Any CPU
		{7C2D65F1-C1B7-413C-A918-7A2CE70D95D3}.Debug|Any CPU.Build.0 = Debug|Any CPU
		{7C2D65F1-C1B7-413C-A918-7A2CE70D95D3}.Debug|x64.ActiveCfg = Debug|Any CPU
		{7C2D65F1-C1B7-413C-A918-7A2CE70D95D3}.Debug|x64.Build.0 = Debug|Any CPU
		{7C2D65F1-C1B7-413C-A918-7A2CE70D95D3}.Debug|x86.ActiveCfg = Debug|Any CPU
		{7C2D65F1-C1B7-413C-A918-7A2CE70D95D3}.Debug|x86.Build.0 = Debug|Any CPU
		{7C2D65F1-C1B7-413C-A918-7A2CE70D95D3}.Release|Any CPU.ActiveCfg = Release|Any CPU
		{7C2D65F1-C1B7-413C-A918-7A2CE70D95D3}.Release|Any CPU.Build.0 = Release|Any CPU
		{7C2D65F1-C1B7-413C-A918-7A2CE70D95D3}.Release|x64.ActiveCfg = Release|Any CPU
		{7C2D65F1-C1B7-413C-A918-7A2CE70D95D3}.Release|x64.Build.0 = Release|Any CPU
		{7C2D65F1-C1B7-413C-A918-7A2CE70D95D3}.Release|x86.ActiveCfg = Release|Any CPU
		{7C2D65F1-C1B7-413C-A918-7A2CE70D95D3}.Release|x86.Build.0 = Release|Any CPU
	EndGlobalSection
	GlobalSection(SolutionProperties) = preSolution
		HideSolutionNode = FALSE
	EndGlobalSection
	GlobalSection(NestedProjects) = preSolution
		{DC269357-A31E-4F5D-AC1B-D063D7BEEEDC} = {827E0CD3-B72D-47B6-A68D-7590B98EB39B}
		{721FB904-3890-4497-9880-942F7DB08512} = {827E0CD3-B72D-47B6-A68D-7590B98EB39B}
		{203C0682-0582-407C-AA7C-6B49BC640490} = {827E0CD3-B72D-47B6-A68D-7590B98EB39B}
		{EA4053D0-245A-4C63-9B9C-A43EF2006070} = {827E0CD3-B72D-47B6-A68D-7590B98EB39B}
		{6BC9CA0B-FDC3-4C38-80A7-2662F528868D} = {0AB3BF05-4346-4AA6-1389-037BE0695223}
		{7C2D65F1-C1B7-413C-A918-7A2CE70D95D3} = {0AB3BF05-4346-4AA6-1389-037BE0695223}
	EndGlobalSection
EndGlobal
